
Microsoft Visual Studio Solution File, Format Version 12.00
# Visual Studio Version 16
VisualStudioVersion = 16.0.31702.278
MinimumVisualStudioVersion = 10.0.40219.1
Project("{9A19103F-16F7-4668-BE54-9A1E7A4F7556}") = "ShoppingCore", "ShoppingCore\ShoppingCore.csproj", "{B1CA4AD9-22CB-4939-91A0-8EB416753F1D}"
EndProject
Project("{9A19103F-16F7-4668-BE54-9A1E7A4F7556}") = "ShoppingCore.DataAccess", "ShoppingCore.DataAccess\ShoppingCore.DataAccess.csproj", "{674A456C-0259-408C-B881-00B733B88752}"
EndProject
Project("{9A19103F-16F7-4668-BE54-9A1E7A4F7556}") = "ShoppingCore.Model", "ShoppingCore.Model\ShoppingCore.Model.csproj", "{56B31AA8-E094-4D95-A8B0-5BB1499089F3}"
EndProject
Project("{FAE04EC0-301F-11D3-BF4B-00C04F79EFBC}") = "ShoppingCore.Utilities", "ShoppingCore.Utilities\ShoppingCore.Utilities.csproj", "{218FF1DE-46C7-42AA-BFFD-CAC2331A6031}"
EndProject
Global
	GlobalSection(SolutionConfigurationPlatforms) = preSolution
		Debug|Any CPU = Debug|Any CPU
		Release|Any CPU = Release|Any CPU
	EndGlobalSection
	GlobalSection(ProjectConfigurationPlatforms) = postSolution
		{B1CA4AD9-22CB-4939-91A0-8EB416753F1D}.Debug|Any CPU.ActiveCfg = Debug|Any CPU
		{B1CA4AD9-22CB-4939-91A0-8EB416753F1D}.Debug|Any CPU.Build.0 = Debug|Any CPU
		{B1CA4AD9-22CB-4939-91A0-8EB416753F1D}.Release|Any CPU.ActiveCfg = Release|Any CPU
		{B1CA4AD9-22CB-4939-91A0-8EB416753F1D}.Release|Any CPU.Build.0 = Release|Any CPU
		{674A456C-0259-408C-B881-00B733B88752}.Debug|Any CPU.ActiveCfg = Debug|Any CPU
		{674A456C-0259-408C-B881-00B733B88752}.Debug|Any CPU.Build.0 = Debug|Any CPU
		{674A456C-0259-408C-B881-00B733B88752}.Release|Any CPU.ActiveCfg = Release|Any CPU
		{674A456C-0259-408C-B881-00B733B88752}.Release|Any CPU.Build.0 = Release|Any CPU
		{56B31AA8-E094-4D95-A8B0-5BB1499089F3}.Debug|Any CPU.ActiveCfg = Debug|Any CPU
		{56B31AA8-E094-4D95-A8B0-5BB1499089F3}.Debug|Any CPU.Build.0 = Debug|Any CPU
		{56B31AA8-E094-4D95-A8B0-5BB1499089F3}.Release|Any CPU.ActiveCfg = Release|Any CPU
		{56B31AA8-E094-4D95-A8B0-5BB1499089F3}.Release|Any CPU.Build.0 = Release|Any CPU
		{218FF1DE-46C7-42AA-BFFD-CAC2331A6031}.Debug|Any CPU.ActiveCfg = Debug|Any CPU
		{218FF1DE-46C7-42AA-BFFD-CAC2331A6031}.Debug|Any CPU.Build.0 = Debug|Any CPU
		{218FF1DE-46C7-42AA-BFFD-CAC2331A6031}.Release|Any CPU.ActiveCfg = Release|Any CPU
		{218FF1DE-46C7-42AA-BFFD-CAC2331A6031}.Release|Any CPU.Build.0 = Release|Any CPU
	EndGlobalSection
	GlobalSection(SolutionProperties) = preSolution
		HideSolutionNode = FALSE
	EndGlobalSection
	GlobalSection(ExtensibilityGlobals) = postSolution
		SolutionGuid = {DA2A8E0A-94D8-40E1-AF03-327F9B103BEF}
	EndGlobalSection
EndGlobal
